
Microsoft Visual Studio Solution File, Format Version 12.00
# Visual Studio Version 17
VisualStudioVersion = 17.13.35818.85 d17.13
MinimumVisualStudioVersion = 10.0.40219.1
Project("{FAE04EC0-301F-11D3-BF4B-00C04F79EFBC}") = "Shop", "Shop\Shop.csproj", "{EFBEAC51-7657-4407-B08C-AB7FF198DB58}"
EndProject
Global
	GlobalSection(SolutionConfigurationPlatforms) = preSolution
		Debug|Any CPU = Debug|Any CPU
		Release|Any CPU = Release|Any CPU
	EndGlobalSection
	GlobalSection(ProjectConfigurationPlatforms) = postSolution
		{EFBEAC51-7657-4407-B08C-AB7FF198DB58}.Debug|Any CPU.ActiveCfg = Debug|Any CPU
		{EFBEAC51-7657-4407-B08C-AB7FF198DB58}.Debug|Any CPU.Build.0 = Debug|Any CPU
		{EFBEAC51-7657-4407-B08C-AB7FF198DB58}.Release|Any CPU.ActiveCfg = Release|Any CPU
		{EFBEAC51-7657-4407-B08C-AB7FF198DB58}.Release|Any CPU.Build.0 = Release|Any CPU
	EndGlobalSection
	GlobalSection(SolutionProperties) = preSolution
		HideSolutionNode = FALSE
	EndGlobalSection
	GlobalSection(ExtensibilityGlobals) = postSolution
		SolutionGuid = {9B504C94-9E7D-41D3-A951-7A5805EA4694}
	EndGlobalSection
EndGlobal
