
Microsoft Visual Studio Solution File, Format Version 12.00
# Visual Studio Version 17
VisualStudioVersion = 17.13.35818.85 d17.13
MinimumVisualStudioVersion = 10.0.40219.1
Project("{FAE04EC0-301F-11D3-BF4B-00C04F79EFBC}") = "spr2.4", "spr2.4\spr2.4.csproj", "{C1B2A0AC-1F93-4705-A145-66A5F33A0EDB}"
EndProject
Global
	GlobalSection(SolutionConfigurationPlatforms) = preSolution
		Debug|Any CPU = Debug|Any CPU
		Release|Any CPU = Release|Any CPU
	EndGlobalSection
	GlobalSection(ProjectConfigurationPlatforms) = postSolution
		{C1B2A0AC-1F93-4705-A145-66A5F33A0EDB}.Debug|Any CPU.ActiveCfg = Debug|Any CPU
		{C1B2A0AC-1F93-4705-A145-66A5F33A0EDB}.Debug|Any CPU.Build.0 = Debug|Any CPU
		{C1B2A0AC-1F93-4705-A145-66A5F33A0EDB}.Release|Any CPU.ActiveCfg = Release|Any CPU
		{C1B2A0AC-1F93-4705-A145-66A5F33A0EDB}.Release|Any CPU.Build.0 = Release|Any CPU
	EndGlobalSection
	GlobalSection(SolutionProperties) = preSolution
		HideSolutionNode = FALSE
	EndGlobalSection
	GlobalSection(ExtensibilityGlobals) = postSolution
		SolutionGuid = {45EA13A0-BF95-4E92-B7D0-670E574009A4}
	EndGlobalSection
EndGlobal
